
Microsoft Visual Studio Solution File, Format Version 12.00
# Visual Studio Version 16
VisualStudioVersion = 16.0.30711.63
MinimumVisualStudioVersion = 10.0.40219.1
Project("{9A19103F-16F7-4668-BE54-9A1E7A4F7556}") = "SalesWebMvc", "SalesWebMvc\SalesWebMvc.csproj", "{3C542EDC-A199-4A56-8DB6-03A1648C07C6}"
EndProject
Global
	GlobalSection(SolutionConfigurationPlatforms) = preSolution
		Debug|Any CPU = Debug|Any CPU
		Release|Any CPU = Release|Any CPU
	EndGlobalSection
	GlobalSection(ProjectConfigurationPlatforms) = postSolution
		{3C542EDC-A199-4A56-8DB6-03A1648C07C6}.Debug|Any CPU.ActiveCfg = Debug|Any CPU
		{3C542EDC-A199-4A56-8DB6-03A1648C07C6}.Debug|Any CPU.Build.0 = Debug|Any CPU
		{3C542EDC-A199-4A56-8DB6-03A1648C07C6}.Release|Any CPU.ActiveCfg = Release|Any CPU
		{3C542EDC-A199-4A56-8DB6-03A1648C07C6}.Release|Any CPU.Build.0 = Release|Any CPU
	EndGlobalSection
	GlobalSection(SolutionProperties) = preSolution
		HideSolutionNode = FALSE
	EndGlobalSection
	GlobalSection(ExtensibilityGlobals) = postSolution
		SolutionGuid = {8B73534D-1742-45E2-A452-CE66FC12AB19}
	EndGlobalSection
EndGlobal
